// !$*UTF8*$!
{
	archiveVersion = 1;
	classes = {
	};
	objectVersion = 56;
	objects = {

/* Begin PBXBuildFile section */
		6588DB09296FD3C0009F42A6 /* AppDelegate.swift in Sources */ = {isa = PBXBuildFile; fileRef = 6588DB08296FD3C0009F42A6 /* AppDelegate.swift */; };
		6588DB0B296FD3C0009F42A6 /* SceneDelegate.swift in Sources */ = {isa = PBXBuildFile; fileRef = 6588DB0A296FD3C0009F42A6 /* SceneDelegate.swift */; };
		6588DB0D296FD3C0009F42A6 /* MapView.swift in Sources */ = {isa = PBXBuildFile; fileRef = 6588DB0C296FD3C0009F42A6 /* MapView.swift */; };
		6588DB10296FD3C0009F42A6 /* Main.storyboard in Resources */ = {isa = PBXBuildFile; fileRef = 6588DB0E296FD3C0009F42A6 /* Main.storyboard */; };
		6588DB12296FD3C2009F42A6 /* Assets.xcassets in Resources */ = {isa = PBXBuildFile; fileRef = 6588DB11296FD3C2009F42A6 /* Assets.xcassets */; };
		6588DB15296FD3C2009F42A6 /* LaunchScreen.storyboard in Resources */ = {isa = PBXBuildFile; fileRef = 6588DB13296FD3C2009F42A6 /* LaunchScreen.storyboard */; };
		6588DB21296FD81B009F42A6 /* ConfirmTreasureBox.swift in Sources */ = {isa = PBXBuildFile; fileRef = 6588DB20296FD81B009F42A6 /* ConfirmTreasureBox.swift */; };
		65AE80012970F3FE008FBF93 /* HomepageTests.swift in Sources */ = {isa = PBXBuildFile; fileRef = 65AE80002970F3FE008FBF93 /* HomepageTests.swift */; };
		65D632212970009700B5701D /* TreasureLocation1.swift in Sources */ = {isa = PBXBuildFile; fileRef = 65D632202970009700B5701D /* TreasureLocation1.swift */; };
		65D632252970382200B5701D /* Homepage.swift in Sources */ = {isa = PBXBuildFile; fileRef = 65D632242970382200B5701D /* Homepage.swift */; };
		65D6322729704D7B00B5701D /* TreasureLocation2.swift in Sources */ = {isa = PBXBuildFile; fileRef = 65D6322629704D7B00B5701D /* TreasureLocation2.swift */; };
		65D63229297056E200B5701D /* TreasureLocation3.swift in Sources */ = {isa = PBXBuildFile; fileRef = 65D63228297056E200B5701D /* TreasureLocation3.swift */; };
		65D6323129706B3900B5701D /* AppDelegateTests.swift in Sources */ = {isa = PBXBuildFile; fileRef = 65D6323029706B3900B5701D /* AppDelegateTests.swift */; };
		9D7E6A43B96D0253A2E3B7DA /* Pods_TreasureHuntApp.framework in Frameworks */ = {isa = PBXBuildFile; fileRef = 565ED701F17FBB58EE1B8FA9 /* Pods_TreasureHuntApp.framework */; };
/* End PBXBuildFile section */

/* Begin PBXContainerItemProxy section */
		65D6323229706B3900B5701D /* PBXContainerItemProxy */ = {
			isa = PBXContainerItemProxy;
			containerPortal = 6588DAFD296FD3C0009F42A6 /* Project object */;
			proxyType = 1;
			remoteGlobalIDString = 6588DB04296FD3C0009F42A6;
			remoteInfo = TreasureHuntApp;
		};
/* End PBXContainerItemProxy section */

/* Begin PBXFileReference section */
		565ED701F17FBB58EE1B8FA9 /* Pods_TreasureHuntApp.framework */ = {isa = PBXFileReference; explicitFileType = wrapper.framework; includeInIndex = 0; path = Pods_TreasureHuntApp.framework; sourceTree = BUILT_PRODUCTS_DIR; };
		571F706851AFB324A1761F93 /* Pods-TreasureHuntApp.debug.xcconfig */ = {isa = PBXFileReference; includeInIndex = 1; lastKnownFileType = text.xcconfig; name = "Pods-TreasureHuntApp.debug.xcconfig"; path = "Target Support Files/Pods-TreasureHuntApp/Pods-TreasureHuntApp.debug.xcconfig"; sourceTree = "<group>"; };
		6588DB05296FD3C0009F42A6 /* TreasureHuntApp.app */ = {isa = PBXFileReference; explicitFileType = wrapper.application; includeInIndex = 0; path = TreasureHuntApp.app; sourceTree = BUILT_PRODUCTS_DIR; };
		6588DB08296FD3C0009F42A6 /* AppDelegate.swift */ = {isa = PBXFileReference; lastKnownFileType = sourcecode.swift; path = AppDelegate.swift; sourceTree = "<group>"; };
		6588DB0A296FD3C0009F42A6 /* SceneDelegate.swift */ = {isa = PBXFileReference; lastKnownFileType = sourcecode.swift; path = SceneDelegate.swift; sourceTree = "<group>"; };
		6588DB0C296FD3C0009F42A6 /* MapView.swift */ = {isa = PBXFileReference; lastKnownFileType = sourcecode.swift; path = MapView.swift; sourceTree = "<group>"; };
		6588DB0F296FD3C0009F42A6 /* Base */ = {isa = PBXFileReference; lastKnownFileType = file.storyboard; name = Base; path = Base.lproj/Main.storyboard; sourceTree = "<group>"; };
		6588DB11296FD3C2009F42A6 /* Assets.xcassets */ = {isa = PBXFileReference; lastKnownFileType = folder.assetcatalog; path = Assets.xcassets; sourceTree = "<group>"; };
		6588DB14296FD3C2009F42A6 /* Base */ = {isa = PBXFileReference; lastKnownFileType = file.storyboard; name = Base; path = Base.lproj/LaunchScreen.storyboard; sourceTree = "<group>"; };
		6588DB16296FD3C2009F42A6 /* Info.plist */ = {isa = PBXFileReference; lastKnownFileType = text.plist.xml; path = Info.plist; sourceTree = "<group>"; };
		6588DB20296FD81B009F42A6 /* ConfirmTreasureBox.swift */ = {isa = PBXFileReference; fileEncoding = 4; lastKnownFileType = sourcecode.swift; path = ConfirmTreasureBox.swift; sourceTree = "<group>"; };
		65AE80002970F3FE008FBF93 /* HomepageTests.swift */ = {isa = PBXFileReference; lastKnownFileType = sourcecode.swift; path = HomepageTests.swift; sourceTree = "<group>"; };
		65D632202970009700B5701D /* TreasureLocation1.swift */ = {isa = PBXFileReference; lastKnownFileType = sourcecode.swift; path = TreasureLocation1.swift; sourceTree = "<group>"; };
		65D632242970382200B5701D /* Homepage.swift */ = {isa = PBXFileReference; lastKnownFileType = sourcecode.swift; path = Homepage.swift; sourceTree = "<group>"; };
		65D6322629704D7B00B5701D /* TreasureLocation2.swift */ = {isa = PBXFileReference; lastKnownFileType = sourcecode.swift; path = TreasureLocation2.swift; sourceTree = "<group>"; };
		65D63228297056E200B5701D /* TreasureLocation3.swift */ = {isa = PBXFileReference; lastKnownFileType = sourcecode.swift; path = TreasureLocation3.swift; sourceTree = "<group>"; };
		65D6322E29706B3900B5701D /* TreasureHuntAppTests.xctest */ = {isa = PBXFileReference; explicitFileType = wrapper.cfbundle; includeInIndex = 0; path = TreasureHuntAppTests.xctest; sourceTree = BUILT_PRODUCTS_DIR; };
		65D6323029706B3900B5701D /* AppDelegateTests.swift */ = {isa = PBXFileReference; lastKnownFileType = sourcecode.swift; path = AppDelegateTests.swift; sourceTree = "<group>"; };
		C8823A65757812341A441DC3 /* Pods-TreasureHuntApp.release.xcconfig */ = {isa = PBXFileReference; includeInIndex = 1; lastKnownFileType = text.xcconfig; name = "Pods-TreasureHuntApp.release.xcconfig"; path = "Target Support Files/Pods-TreasureHuntApp/Pods-TreasureHuntApp.release.xcconfig"; sourceTree = "<group>"; };
/* End PBXFileReference section */

/* Begin PBXFrameworksBuildPhase section */
		6588DB02296FD3C0009F42A6 /* Frameworks */ = {
			isa = PBXFrameworksBuildPhase;
			buildActionMask = 2147483647;
			files = (
				9D7E6A43B96D0253A2E3B7DA /* Pods_TreasureHuntApp.framework in Frameworks */,
			);
			runOnlyForDeploymentPostprocessing = 0;
		};
		65D6322B29706B3900B5701D /* Frameworks */ = {
			isa = PBXFrameworksBuildPhase;
			buildActionMask = 2147483647;
			files = (
			);
			runOnlyForDeploymentPostprocessing = 0;
		};
/* End PBXFrameworksBuildPhase section */

/* Begin PBXGroup section */
		6588DAFC296FD3C0009F42A6 = {
			isa = PBXGroup;
			children = (
				6588DB07296FD3C0009F42A6 /* TreasureHuntApp */,
				65D6322F29706B3900B5701D /* TreasureHuntAppTests */,
				6588DB06296FD3C0009F42A6 /* Products */,
				6C0A91610870278C2D7351D3 /* Pods */,
				843E58AD075444266EF38253 /* Frameworks */,
			);
			sourceTree = "<group>";
		};
		6588DB06296FD3C0009F42A6 /* Products */ = {
			isa = PBXGroup;
			children = (
				6588DB05296FD3C0009F42A6 /* TreasureHuntApp.app */,
				65D6322E29706B3900B5701D /* TreasureHuntAppTests.xctest */,
			);
			name = Products;
			sourceTree = "<group>";
		};
		6588DB07296FD3C0009F42A6 /* TreasureHuntApp */ = {
			isa = PBXGroup;
			children = (
				6588DB08296FD3C0009F42A6 /* AppDelegate.swift */,
				6588DB0A296FD3C0009F42A6 /* SceneDelegate.swift */,
				65D632242970382200B5701D /* Homepage.swift */,
				6588DB0C296FD3C0009F42A6 /* MapView.swift */,
				6588DB20296FD81B009F42A6 /* ConfirmTreasureBox.swift */,
				65D632202970009700B5701D /* TreasureLocation1.swift */,
				65D6322629704D7B00B5701D /* TreasureLocation2.swift */,
				65D63228297056E200B5701D /* TreasureLocation3.swift */,
				6588DB0E296FD3C0009F42A6 /* Main.storyboard */,
				6588DB11296FD3C2009F42A6 /* Assets.xcassets */,
				6588DB13296FD3C2009F42A6 /* LaunchScreen.storyboard */,
				6588DB16296FD3C2009F42A6 /* Info.plist */,
			);
			path = TreasureHuntApp;
			sourceTree = "<group>";
		};
		65D6322F29706B3900B5701D /* TreasureHuntAppTests */ = {
			isa = PBXGroup;
			children = (
				65D6323029706B3900B5701D /* AppDelegateTests.swift */,
				65AE80002970F3FE008FBF93 /* HomepageTests.swift */,
			);
			path = TreasureHuntAppTests;
			sourceTree = "<group>";
		};
		6C0A91610870278C2D7351D3 /* Pods */ = {
			isa = PBXGroup;
			children = (
				571F706851AFB324A1761F93 /* Pods-TreasureHuntApp.debug.xcconfig */,
				C8823A65757812341A441DC3 /* Pods-TreasureHuntApp.release.xcconfig */,
			);
			path = Pods;
			sourceTree = "<group>";
		};
		843E58AD075444266EF38253 /* Frameworks */ = {
			isa = PBXGroup;
			children = (
				565ED701F17FBB58EE1B8FA9 /* Pods_TreasureHuntApp.framework */,
			);
			name = Frameworks;
			sourceTree = "<group>";
		};
/* End PBXGroup section */

/* Begin PBXNativeTarget section */
		6588DB04296FD3C0009F42A6 /* TreasureHuntApp */ = {
			isa = PBXNativeTarget;
			buildConfigurationList = 6588DB19296FD3C2009F42A6 /* Build configuration list for PBXNativeTarget "TreasureHuntApp" */;
			buildPhases = (
				9FA48BACC5C5B7C8FE420379 /* [CP] Check Pods Manifest.lock */,
				6588DB01296FD3C0009F42A6 /* Sources */,
				6588DB02296FD3C0009F42A6 /* Frameworks */,
				6588DB03296FD3C0009F42A6 /* Resources */,
				7449A007C1A2E74F1C22D857 /* [CP] Copy Pods Resources */,
			);
			buildRules = (
			);
			dependencies = (
			);
			name = TreasureHuntApp;
			productName = TreasureHuntApp;
			productReference = 6588DB05296FD3C0009F42A6 /* TreasureHuntApp.app */;
			productType = "com.apple.product-type.application";
		};
		65D6322D29706B3900B5701D /* TreasureHuntAppTests */ = {
			isa = PBXNativeTarget;
			buildConfigurationList = 65D6323429706B3900B5701D /* Build configuration list for PBXNativeTarget "TreasureHuntAppTests" */;
			buildPhases = (
				65D6322A29706B3900B5701D /* Sources */,
				65D6322B29706B3900B5701D /* Frameworks */,
				65D6322C29706B3900B5701D /* Resources */,
			);
			buildRules = (
			);
			dependencies = (
				65D6323329706B3900B5701D /* PBXTargetDependency */,
			);
			name = TreasureHuntAppTests;
			productName = TreasureHuntAppTests;
			productReference = 65D6322E29706B3900B5701D /* TreasureHuntAppTests.xctest */;
			productType = "com.apple.product-type.bundle.unit-test";
		};
/* End PBXNativeTarget section */

/* Begin PBXProject section */
		6588DAFD296FD3C0009F42A6 /* Project object */ = {
			isa = PBXProject;
			attributes = {
				BuildIndependentTargetsInParallel = 1;
				LastSwiftUpdateCheck = 1420;
				LastUpgradeCheck = 1420;
				TargetAttributes = {
					6588DB04296FD3C0009F42A6 = {
						CreatedOnToolsVersion = 14.2;
					};
					65D6322D29706B3900B5701D = {
						CreatedOnToolsVersion = 14.2;
						TestTargetID = 6588DB04296FD3C0009F42A6;
					};
				};
			};
			buildConfigurationList = 6588DB00296FD3C0009F42A6 /* Build configuration list for PBXProject "TreasureHuntApp" */;
			compatibilityVersion = "Xcode 14.0";
			developmentRegion = en;
			hasScannedForEncodings = 0;
			knownRegions = (
				en,
				Base,
			);
			mainGroup = 6588DAFC296FD3C0009F42A6;
			productRefGroup = 6588DB06296FD3C0009F42A6 /* Products */;
			projectDirPath = "";
			projectRoot = "";
			targets = (
				6588DB04296FD3C0009F42A6 /* TreasureHuntApp */,
				65D6322D29706B3900B5701D /* TreasureHuntAppTests */,
			);
		};
/* End PBXProject section */

/* Begin PBXResourcesBuildPhase section */
		6588DB03296FD3C0009F42A6 /* Resources */ = {
			isa = PBXResourcesBuildPhase;
			buildActionMask = 2147483647;
			files = (
				6588DB15296FD3C2009F42A6 /* LaunchScreen.storyboard in Resources */,
				6588DB12296FD3C2009F42A6 /* Assets.xcassets in Resources */,
				6588DB10296FD3C0009F42A6 /* Main.storyboard in Resources */,
			);
			runOnlyForDeploymentPostprocessing = 0;
		};
		65D6322C29706B3900B5701D /* Resources */ = {
			isa = PBXResourcesBuildPhase;
			buildActionMask = 2147483647;
			files = (
			);
			runOnlyForDeploymentPostprocessing = 0;
		};
/* End PBXResourcesBuildPhase section */

/* Begin PBXShellScriptBuildPhase section */
		7449A007C1A2E74F1C22D857 /* [CP] Copy Pods Resources */ = {
			isa = PBXShellScriptBuildPhase;
			buildActionMask = 2147483647;
			files = (
			);
			inputFileListPaths = (
				"${PODS_ROOT}/Target Support Files/Pods-TreasureHuntApp/Pods-TreasureHuntApp-resources-${CONFIGURATION}-input-files.xcfilelist",
			);
			name = "[CP] Copy Pods Resources";
			outputFileListPaths = (
				"${PODS_ROOT}/Target Support Files/Pods-TreasureHuntApp/Pods-TreasureHuntApp-resources-${CONFIGURATION}-output-files.xcfilelist",
			);
			runOnlyForDeploymentPostprocessing = 0;
			shellPath = /bin/sh;
			shellScript = "\"${PODS_ROOT}/Target Support Files/Pods-TreasureHuntApp/Pods-TreasureHuntApp-resources.sh\"\n";
			showEnvVarsInLog = 0;
		};
		9FA48BACC5C5B7C8FE420379 /* [CP] Check Pods Manifest.lock */ = {
			isa = PBXShellScriptBuildPhase;
			buildActionMask = 2147483647;
			files = (
			);
			inputFileListPaths = (
			);
			inputPaths = (
				"${PODS_PODFILE_DIR_PATH}/Podfile.lock",
				"${PODS_ROOT}/Manifest.lock",
			);
			name = "[CP] Check Pods Manifest.lock";
			outputFileListPaths = (
			);
			outputPaths = (
				"$(DERIVED_FILE_DIR)/Pods-TreasureHuntApp-checkManifestLockResult.txt",
			);
			runOnlyForDeploymentPostprocessing = 0;
			shellPath = /bin/sh;
			shellScript = "diff \"${PODS_PODFILE_DIR_PATH}/Podfile.lock\" \"${PODS_ROOT}/Manifest.lock\" > /dev/null\nif [ $? != 0 ] ; then\n    # print error to STDERR\n    echo \"error: The sandbox is not in sync with the Podfile.lock. Run 'pod install' or update your CocoaPods installation.\" >&2\n    exit 1\nfi\n# This output is used by Xcode 'outputs' to avoid re-running this script phase.\necho \"SUCCESS\" > \"${SCRIPT_OUTPUT_FILE_0}\"\n";
			showEnvVarsInLog = 0;
		};
/* End PBXShellScriptBuildPhase section */

/* Begin PBXSourcesBuildPhase section */
		6588DB01296FD3C0009F42A6 /* Sources */ = {
			isa = PBXSourcesBuildPhase;
			buildActionMask = 2147483647;
			files = (
				65D632252970382200B5701D /* Homepage.swift in Sources */,
				65D63229297056E200B5701D /* TreasureLocation3.swift in Sources */,
				65D632212970009700B5701D /* TreasureLocation1.swift in Sources */,
				6588DB0D296FD3C0009F42A6 /* MapView.swift in Sources */,
				65D6322729704D7B00B5701D /* TreasureLocation2.swift in Sources */,
				6588DB09296FD3C0009F42A6 /* AppDelegate.swift in Sources */,
				6588DB21296FD81B009F42A6 /* ConfirmTreasureBox.swift in Sources */,
				6588DB0B296FD3C0009F42A6 /* SceneDelegate.swift in Sources */,
			);
			runOnlyForDeploymentPostprocessing = 0;
		};
		65D6322A29706B3900B5701D /* Sources */ = {
			isa = PBXSourcesBuildPhase;
			buildActionMask = 2147483647;
			files = (
				65D6323129706B3900B5701D /* AppDelegateTests.swift in Sources */,
				65AE80012970F3FE008FBF93 /* HomepageTests.swift in Sources */,
			);
			runOnlyForDeploymentPostprocessing = 0;
		};
/* End PBXSourcesBuildPhase section */

/* Begin PBXTargetDependency section */
		65D6323329706B3900B5701D /* PBXTargetDependency */ = {
			isa = PBXTargetDependency;
			target = 6588DB04296FD3C0009F42A6 /* TreasureHuntApp */;
			targetProxy = 65D6323229706B3900B5701D /* PBXContainerItemProxy */;
		};
/* End PBXTargetDependency section */

/* Begin PBXVariantGroup section */
		6588DB0E296FD3C0009F42A6 /* Main.storyboard */ = {
			isa = PBXVariantGroup;
			children = (
				6588DB0F296FD3C0009F42A6 /* Base */,
			);
			name = Main.storyboard;
			sourceTree = "<group>";
		};
		6588DB13296FD3C2009F42A6 /* LaunchScreen.storyboard */ = {
			isa = PBXVariantGroup;
			children = (
				6588DB14296FD3C2009F42A6 /* Base */,
			);
			name = LaunchScreen.storyboard;
			sourceTree = "<group>";
		};
/* End PBXVariantGroup section */

/* Begin XCBuildConfiguration section */
		6588DB17296FD3C2009F42A6 /* Debug */ = {
			isa = XCBuildConfiguration;
			buildSettings = {
				ALWAYS_SEARCH_USER_PATHS = NO;
				CLANG_ANALYZER_NONNULL = YES;
				CLANG_ANALYZER_NUMBER_OBJECT_CONVERSION = YES_AGGRESSIVE;
				CLANG_CXX_LANGUAGE_STANDARD = "gnu++20";
				CLANG_ENABLE_MODULES = YES;
				CLANG_ENABLE_OBJC_ARC = YES;
				CLANG_ENABLE_OBJC_WEAK = YES;
				CLANG_WARN_BLOCK_CAPTURE_AUTORELEASING = YES;
				CLANG_WARN_BOOL_CONVERSION = YES;
				CLANG_WARN_COMMA = YES;
				CLANG_WARN_CONSTANT_CONVERSION = YES;
				CLANG_WARN_DEPRECATED_OBJC_IMPLEMENTATIONS = YES;
				CLANG_WARN_DIRECT_OBJC_ISA_USAGE = YES_ERROR;
				CLANG_WARN_DOCUMENTATION_COMMENTS = YES;
				CLANG_WARN_EMPTY_BODY = YES;
				CLANG_WARN_ENUM_CONVERSION = YES;
				CLANG_WARN_INFINITE_RECURSION = YES;
				CLANG_WARN_INT_CONVERSION = YES;
				CLANG_WARN_NON_LITERAL_NULL_CONVERSION = YES;
				CLANG_WARN_OBJC_IMPLICIT_RETAIN_SELF = YES;
				CLANG_WARN_OBJC_LITERAL_CONVERSION = YES;
				CLANG_WARN_OBJC_ROOT_CLASS = YES_ERROR;
				CLANG_WARN_QUOTED_INCLUDE_IN_FRAMEWORK_HEADER = YES;
				CLANG_WARN_RANGE_LOOP_ANALYSIS = YES;
				CLANG_WARN_STRICT_PROTOTYPES = YES;
				CLANG_WARN_SUSPICIOUS_MOVE = YES;
				CLANG_WARN_UNGUARDED_AVAILABILITY = YES_AGGRESSIVE;
				CLANG_WARN_UNREACHABLE_CODE = YES;
				CLANG_WARN__DUPLICATE_METHOD_MATCH = YES;
				COPY_PHASE_STRIP = NO;
				DEBUG_INFORMATION_FORMAT = dwarf;
				ENABLE_STRICT_OBJC_MSGSEND = YES;
				ENABLE_TESTABILITY = YES;
				GCC_C_LANGUAGE_STANDARD = gnu11;
				GCC_DYNAMIC_NO_PIC = NO;
				GCC_NO_COMMON_BLOCKS = YES;
				GCC_OPTIMIZATION_LEVEL = 0;
				GCC_PREPROCESSOR_DEFINITIONS = (
					"DEBUG=1",
					"$(inherited)",
				);
				GCC_WARN_64_TO_32_BIT_CONVERSION = YES;
				GCC_WARN_ABOUT_RETURN_TYPE = YES_ERROR;
				GCC_WARN_UNDECLARED_SELECTOR = YES;
				GCC_WARN_UNINITIALIZED_AUTOS = YES_AGGRESSIVE;
				GCC_WARN_UNUSED_FUNCTION = YES;
				GCC_WARN_UNUSED_VARIABLE = YES;
				IPHONEOS_DEPLOYMENT_TARGET = 16.2;
				MTL_ENABLE_DEBUG_INFO = INCLUDE_SOURCE;
				MTL_FAST_MATH = YES;
				ONLY_ACTIVE_ARCH = YES;
				SDKROOT = iphoneos;
				SWIFT_ACTIVE_COMPILATION_CONDITIONS = DEBUG;
				SWIFT_OPTIMIZATION_LEVEL = "-Onone";
			};
			name = Debug;
		};
		6588DB18296FD3C2009F42A6 /* Release */ = {
			isa = XCBuildConfiguration;
			buildSettings = {
				ALWAYS_SEARCH_USER_PATHS = NO;
				CLANG_ANALYZER_NONNULL = YES;
				CLANG_ANALYZER_NUMBER_OBJECT_CONVERSION = YES_AGGRESSIVE;
				CLANG_CXX_LANGUAGE_STANDARD = "gnu++20";
				CLANG_ENABLE_MODULES = YES;
				CLANG_ENABLE_OBJC_ARC = YES;
				CLANG_ENABLE_OBJC_WEAK = YES;
				CLANG_WARN_BLOCK_CAPTURE_AUTORELEASING = YES;
				CLANG_WARN_BOOL_CONVERSION = YES;
				CLANG_WARN_COMMA = YES;
				CLANG_WARN_CONSTANT_CONVERSION = YES;
				CLANG_WARN_DEPRECATED_OBJC_IMPLEMENTATIONS = YES;
				CLANG_WARN_DIRECT_OBJC_ISA_USAGE = YES_ERROR;
				CLANG_WARN_DOCUMENTATION_COMMENTS = YES;
				CLANG_WARN_EMPTY_BODY = YES;
				CLANG_WARN_ENUM_CONVERSION = YES;
				CLANG_WARN_INFINITE_RECURSION = YES;
				CLANG_WARN_INT_CONVERSION = YES;
				CLANG_WARN_NON_LITERAL_NULL_CONVERSION = YES;
				CLANG_WARN_OBJC_IMPLICIT_RETAIN_SELF = YES;
				CLANG_WARN_OBJC_LITERAL_CONVERSION = YES;
				CLANG_WARN_OBJC_ROOT_CLASS = YES_ERROR;
				CLANG_WARN_QUOTED_INCLUDE_IN_FRAMEWORK_HEADER = YES;
				CLANG_WARN_RANGE_LOOP_ANALYSIS = YES;
				CLANG_WARN_STRICT_PROTOTYPES = YES;
				CLANG_WARN_SUSPICIOUS_MOVE = YES;
				CLANG_WARN_UNGUARDED_AVAILABILITY = YES_AGGRESSIVE;
				CLANG_WARN_UNREACHABLE_CODE = YES;
				CLANG_WARN__DUPLICATE_METHOD_MATCH = YES;
				COPY_PHASE_STRIP = NO;
				DEBUG_INFORMATION_FORMAT = "dwarf-with-dsym";
				ENABLE_NS_ASSERTIONS = NO;
				ENABLE_STRICT_OBJC_MSGSEND = YES;
				GCC_C_LANGUAGE_STANDARD = gnu11;
				GCC_NO_COMMON_BLOCKS = YES;
				GCC_WARN_64_TO_32_BIT_CONVERSION = YES;
				GCC_WARN_ABOUT_RETURN_TYPE = YES_ERROR;
				GCC_WARN_UNDECLARED_SELECTOR = YES;
				GCC_WARN_UNINITIALIZED_AUTOS = YES_AGGRESSIVE;
				GCC_WARN_UNUSED_FUNCTION = YES;
				GCC_WARN_UNUSED_VARIABLE = YES;
				IPHONEOS_DEPLOYMENT_TARGET = 16.2;
				MTL_ENABLE_DEBUG_INFO = NO;
				MTL_FAST_MATH = YES;
				SDKROOT = iphoneos;
				SWIFT_COMPILATION_MODE = wholemodule;
				SWIFT_OPTIMIZATION_LEVEL = "-O";
				VALIDATE_PRODUCT = YES;
			};
			name = Release;
		};
		6588DB1A296FD3C2009F42A6 /* Debug */ = {
			isa = XCBuildConfiguration;
			baseConfigurationReference = 571F706851AFB324A1761F93 /* Pods-TreasureHuntApp.debug.xcconfig */;
			buildSettings = {
				ASSETCATALOG_COMPILER_APPICON_NAME = AppIcon;
				ASSETCATALOG_COMPILER_GLOBAL_ACCENT_COLOR_NAME = AccentColor;
				CODE_SIGN_STYLE = Automatic;
				CURRENT_PROJECT_VERSION = 1;
				GENERATE_INFOPLIST_FILE = YES;
				INFOPLIST_FILE = TreasureHuntApp/Info.plist;
				INFOPLIST_KEY_UIApplicationSupportsIndirectInputEvents = YES;
				INFOPLIST_KEY_UILaunchStoryboardName = LaunchScreen;
				INFOPLIST_KEY_UIMainStoryboardFile = Main;
				INFOPLIST_KEY_UISupportedInterfaceOrientations_iPad = "UIInterfaceOrientationPortrait UIInterfaceOrientationPortraitUpsideDown UIInterfaceOrientationLandscapeLeft UIInterfaceOrientationLandscapeRight";
				INFOPLIST_KEY_UISupportedInterfaceOrientations_iPhone = "UIInterfaceOrientationPortrait UIInterfaceOrientationLandscapeLeft UIInterfaceOrientationLandscapeRight";
				LD_RUNPATH_SEARCH_PATHS = (
					"$(inherited)",
					"@executable_path/Frameworks",
				);
				MARKETING_VERSION = 1.0;
				PRODUCT_BUNDLE_IDENTIFIER = LeongTommy1.TreasureHuntApp;
				PRODUCT_NAME = "$(TARGET_NAME)";
				SWIFT_EMIT_LOC_STRINGS = YES;
				SWIFT_VERSION = 5.0;
				TARGETED_DEVICE_FAMILY = "1,2";
			};
			name = Debug;
		};
		6588DB1B296FD3C2009F42A6 /* Release */ = {
			isa = XCBuildConfiguration;
			baseConfigurationReference = C8823A65757812341A441DC3 /* Pods-TreasureHuntApp.release.xcconfig */;
			buildSettings = {
				ASSETCATALOG_COMPILER_APPICON_NAME = AppIcon;
				ASSETCATALOG_COMPILER_GLOBAL_ACCENT_COLOR_NAME = AccentColor;
				CODE_SIGN_STYLE = Automatic;
				CURRENT_PROJECT_VERSION = 1;
				GENERATE_INFOPLIST_FILE = YES;
				INFOPLIST_FILE = TreasureHuntApp/Info.plist;
				INFOPLIST_KEY_UIApplicationSupportsIndirectInputEvents = YES;
				INFOPLIST_KEY_UILaunchStoryboardName = LaunchScreen;
				INFOPLIST_KEY_UIMainStoryboardFile = Main;
				INFOPLIST_KEY_UISupportedInterfaceOrientations_iPad = "UIInterfaceOrientationPortrait UIInterfaceOrientationPortraitUpsideDown UIInterfaceOrientationLandscapeLeft UIInterfaceOrientationLandscapeRight";
				INFOPLIST_KEY_UISupportedInterfaceOrientations_iPhone = "UIInterfaceOrientationPortrait UIInterfaceOrientationLandscapeLeft UIInterfaceOrientationLandscapeRight";
				LD_RUNPATH_SEARCH_PATHS = (
					"$(inherited)",
					"@executable_path/Frameworks",
				);
				MARKETING_VERSION = 1.0;
				PRODUCT_BUNDLE_IDENTIFIER = LeongTommy1.TreasureHuntApp;
				PRODUCT_NAME = "$(TARGET_NAME)";
				SWIFT_EMIT_LOC_STRINGS = YES;
				SWIFT_VERSION = 5.0;
				TARGETED_DEVICE_FAMILY = "1,2";
			};
			name = Release;
		};
		65D6323529706B3900B5701D /* Debug */ = {
			isa = XCBuildConfiguration;
			buildSettings = {
				BUNDLE_LOADER = "$(TEST_HOST)";
				CODE_SIGN_STYLE = Automatic;
				CURRENT_PROJECT_VERSION = 1;
				GENERATE_INFOPLIST_FILE = YES;
				MARKETING_VERSION = 1.0;
				PRODUCT_BUNDLE_IDENTIFIER = LeongTommy1.TreasureHuntAppTests;
				PRODUCT_NAME = "$(TARGET_NAME)";
				SWIFT_EMIT_LOC_STRINGS = NO;
				SWIFT_VERSION = 5.0;
				TARGETED_DEVICE_FAMILY = "1,2";
				TEST_HOST = "$(BUILT_PRODUCTS_DIR)/TreasureHuntApp.app/$(BUNDLE_EXECUTABLE_FOLDER_PATH)/TreasureHuntApp";
			};
			name = Debug;
		};
		65D6323629706B3900B5701D /* Release */ = {
			isa = XCBuildConfiguration;
			buildSettings = {
				BUNDLE_LOADER = "$(TEST_HOST)";
				CODE_SIGN_STYLE = Automatic;
				CURRENT_PROJECT_VERSION = 1;
				GENERATE_INFOPLIST_FILE = YES;
				MARKETING_VERSION = 1.0;
				PRODUCT_BUNDLE_IDENTIFIER = LeongTommy1.TreasureHuntAppTests;
				PRODUCT_NAME = "$(TARGET_NAME)";
				SWIFT_EMIT_LOC_STRINGS = NO;
				SWIFT_VERSION = 5.0;
				TARGETED_DEVICE_FAMILY = "1,2";
				TEST_HOST = "$(BUILT_PRODUCTS_DIR)/TreasureHuntApp.app/$(BUNDLE_EXECUTABLE_FOLDER_PATH)/TreasureHuntApp";
			};
			name = Release;
		};
/* End XCBuildConfiguration section */

/* Begin XCConfigurationList section */
		6588DB00296FD3C0009F42A6 /* Build configuration list for PBXProject "TreasureHuntApp" */ = {
			isa = XCConfigurationList;
			buildConfigurations = (
				6588DB17296FD3C2009F42A6 /* Debug */,
				6588DB18296FD3C2009F42A6 /* Release */,
			);
			defaultConfigurationIsVisible = 0;
			defaultConfigurationName = Release;
		};
		6588DB19296FD3C2009F42A6 /* Build configuration list for PBXNativeTarget "TreasureHuntApp" */ = {
			isa = XCConfigurationList;
			buildConfigurations = (
				6588DB1A296FD3C2009F42A6 /* Debug */,
				6588DB1B296FD3C2009F42A6 /* Release */,
			);
			defaultConfigurationIsVisible = 0;
			defaultConfigurationName = Release;
		};
		65D6323429706B3900B5701D /* Build configuration list for PBXNativeTarget "TreasureHuntAppTests" */ = {
			isa = XCConfigurationList;
			buildConfigurations = (
				65D6323529706B3900B5701D /* Debug */,
				65D6323629706B3900B5701D /* Release */,
			);
			defaultConfigurationIsVisible = 0;
			defaultConfigurationName = Release;
		};
/* End XCConfigurationList section */
	};
	rootObject = 6588DAFD296FD3C0009F42A6 /* Project object */;
}
